// !$*UTF8*$!
{
	archiveVersion = 1;
	classes = {
	};
	objectVersion = 50;
	objects = {

/* Begin PBXBuildFile section */
		DD264A8C243F52EF009FDC6C /* AppDelegate.swift in Sources */ = {isa = PBXBuildFile; fileRef = DD264A8B243F52EF009FDC6C /* AppDelegate.swift */; };
		DD264A8E243F52EF009FDC6C /* SceneDelegate.swift in Sources */ = {isa = PBXBuildFile; fileRef = DD264A8D243F52EF009FDC6C /* SceneDelegate.swift */; };
		DD264A90243F52EF009FDC6C /* ViewController.swift in Sources */ = {isa = PBXBuildFile; fileRef = DD264A8F243F52EF009FDC6C /* ViewController.swift */; };
		DD264A93243F52EF009FDC6C /* Main.storyboard in Resources */ = {isa = PBXBuildFile; fileRef = DD264A91243F52EF009FDC6C /* Main.storyboard */; };
		DD264A95243F52F4009FDC6C /* Assets.xcassets in Resources */ = {isa = PBXBuildFile; fileRef = DD264A94243F52F4009FDC6C /* Assets.xcassets */; };
		DD264A98243F52F4009FDC6C /* LaunchScreen.storyboard in Resources */ = {isa = PBXBuildFile; fileRef = DD264A96243F52F4009FDC6C /* LaunchScreen.storyboard */; };
		DD264AA2243F5381009FDC6C /* luffy.jpg in Resources */ = {isa = PBXBuildFile; fileRef = DD264A9F243F5381009FDC6C /* luffy.jpg */; };
		DD264AA3243F5381009FDC6C /* 18.jpg in Resources */ = {isa = PBXBuildFile; fileRef = DD264AA0243F5381009FDC6C /* 18.jpg */; };
		DD264AA4243F5381009FDC6C /* perso.jpg in Resources */ = {isa = PBXBuildFile; fileRef = DD264AA1243F5381009FDC6C /* perso.jpg */; };
/* End PBXBuildFile section */

/* Begin PBXFileReference section */
		DD264A88243F52EF009FDC6C /* facebook.app */ = {isa = PBXFileReference; explicitFileType = wrapper.application; includeInIndex = 0; path = facebook.app; sourceTree = BUILT_PRODUCTS_DIR; };
		DD264A8B243F52EF009FDC6C /* AppDelegate.swift */ = {isa = PBXFileReference; lastKnownFileType = sourcecode.swift; path = AppDelegate.swift; sourceTree = "<group>"; };
		DD264A8D243F52EF009FDC6C /* SceneDelegate.swift */ = {isa = PBXFileReference; lastKnownFileType = sourcecode.swift; path = SceneDelegate.swift; sourceTree = "<group>"; };
		DD264A8F243F52EF009FDC6C /* ViewController.swift */ = {isa = PBXFileReference; lastKnownFileType = sourcecode.swift; path = ViewController.swift; sourceTree = "<group>"; };
		DD264A92243F52EF009FDC6C /* Base */ = {isa = PBXFileReference; lastKnownFileType = file.storyboard; name = Base; path = Base.lproj/Main.storyboard; sourceTree = "<group>"; };
		DD264A94243F52F4009FDC6C /* Assets.xcassets */ = {isa = PBXFileReference; lastKnownFileType = folder.assetcatalog; path = Assets.xcassets; sourceTree = "<group>"; };
		DD264A97243F52F4009FDC6C /* Base */ = {isa = PBXFileReference; lastKnownFileType = file.storyboard; name = Base; path = Base.lproj/LaunchScreen.storyboard; sourceTree = "<group>"; };
		DD264A99243F52F4009FDC6C /* Info.plist */ = {isa = PBXFileReference; lastKnownFileType = text.plist.xml; path = Info.plist; sourceTree = "<group>"; };
		DD264A9F243F5381009FDC6C /* luffy.jpg */ = {isa = PBXFileReference; lastKnownFileType = image.jpeg; path = luffy.jpg; sourceTree = "<group>"; };
		DD264AA0243F5381009FDC6C /* 18.jpg */ = {isa = PBXFileReference; lastKnownFileType = image.jpeg; path = 18.jpg; sourceTree = "<group>"; };
		DD264AA1243F5381009FDC6C /* perso.jpg */ = {isa = PBXFileReference; lastKnownFileType = image.jpeg; path = perso.jpg; sourceTree = "<group>"; };
/* End PBXFileReference section */

/* Begin PBXFrameworksBuildPhase section */
		DD264A85243F52EF009FDC6C /* Frameworks */ = {
			isa = PBXFrameworksBuildPhase;
			buildActionMask = 2147483647;
			files = (
			);
			runOnlyForDeploymentPostprocessing = 0;
		};
/* End PBXFrameworksBuildPhase section */

/* Begin PBXGroup section */
		DD264A7F243F52EF009FDC6C = {
			isa = PBXGroup;
			children = (
				DD264A8A243F52EF009FDC6C /* facebook */,
				DD264A89243F52EF009FDC6C /* Products */,
			);
			sourceTree = "<group>";
		};
		DD264A89243F52EF009FDC6C /* Products */ = {
			isa = PBXGroup;
			children = (
				DD264A88243F52EF009FDC6C /* facebook.app */,
			);
			name = Products;
			sourceTree = "<group>";
		};
		DD264A8A243F52EF009FDC6C /* facebook */ = {
			isa = PBXGroup;
			children = (
				DD264A8B243F52EF009FDC6C /* AppDelegate.swift */,
				DD264A8D243F52EF009FDC6C /* SceneDelegate.swift */,
				DD264A8F243F52EF009FDC6C /* ViewController.swift */,
				DD264A91243F52EF009FDC6C /* Main.storyboard */,
				DD264A94243F52F4009FDC6C /* Assets.xcassets */,
				DD264AA0243F5381009FDC6C /* 18.jpg */,
				DD264A9F243F5381009FDC6C /* luffy.jpg */,
				DD264AA1243F5381009FDC6C /* perso.jpg */,
				DD264A96243F52F4009FDC6C /* LaunchScreen.storyboard */,
				DD264A99243F52F4009FDC6C /* Info.plist */,
			);
			path = facebook;
			sourceTree = "<group>";
		};
/* End PBXGroup section */

/* Begin PBXNativeTarget section */
		DD264A87243F52EF009FDC6C /* facebook */ = {
			isa = PBXNativeTarget;
			buildConfigurationList = DD264A9C243F52F4009FDC6C /* Build configuration list for PBXNativeTarget "facebook" */;
			buildPhases = (
				DD264A84243F52EF009FDC6C /* Sources */,
				DD264A85243F52EF009FDC6C /* Frameworks */,
				DD264A86243F52EF009FDC6C /* Resources */,
			);
			buildRules = (
			);
			dependencies = (
			);
			name = facebook;
			productName = facebook;
			productReference = DD264A88243F52EF009FDC6C /* facebook.app */;
			productType = "com.apple.product-type.application";
		};
/* End PBXNativeTarget section */

/* Begin PBXProject section */
		DD264A80243F52EF009FDC6C /* Project object */ = {
			isa = PBXProject;
			attributes = {
				LastSwiftUpdateCheck = 1140;
				LastUpgradeCheck = 1140;
				ORGANIZATIONNAME = "Ken Gassy";
				TargetAttributes = {
					DD264A87243F52EF009FDC6C = {
						CreatedOnToolsVersion = 11.4;
					};
				};
			};
			buildConfigurationList = DD264A83243F52EF009FDC6C /* Build configuration list for PBXProject "facebook" */;
			compatibilityVersion = "Xcode 9.3";
			developmentRegion = en;
			hasScannedForEncodings = 0;
			knownRegions = (
				en,
				Base,
			);
			mainGroup = DD264A7F243F52EF009FDC6C;
			productRefGroup = DD264A89243F52EF009FDC6C /* Products */;
			projectDirPath = "";
			projectRoot = "";
			targets = (
				DD264A87243F52EF009FDC6C /* facebook */,
			);
		};
/* End PBXProject section */

/* Begin PBXResourcesBuildPhase section */
		DD264A86243F52EF009FDC6C /* Resources */ = {
			isa = PBXResourcesBuildPhase;
			buildActionMask = 2147483647;
			files = (
				DD264AA3243F5381009FDC6C /* 18.jpg in Resources */,
				DD264A98243F52F4009FDC6C /* LaunchScreen.storyboard in Resources */,
				DD264A95243F52F4009FDC6C /* Assets.xcassets in Resources */,
				DD264AA2243F5381009FDC6C /* luffy.jpg in Resources */,
				DD264A93243F52EF009FDC6C /* Main.storyboard in Resources */,
				DD264AA4243F5381009FDC6C /* perso.jpg in Resources */,
			);
			runOnlyForDeploymentPostprocessing = 0;
		};
/* End PBXResourcesBuildPhase section */

/* Begin PBXSourcesBuildPhase section */
		DD264A84243F52EF009FDC6C /* Sources */ = {
			isa = PBXSourcesBuildPhase;
			buildActionMask = 2147483647;
			files = (
				DD264A90243F52EF009FDC6C /* ViewController.swift in Sources */,
				DD264A8C243F52EF009FDC6C /* AppDelegate.swift in Sources */,
				DD264A8E243F52EF009FDC6C /* SceneDelegate.swift in Sources */,
			);
			runOnlyForDeploymentPostprocessing = 0;
		};
/* End PBXSourcesBuildPhase section */

/* Begin PBXVariantGroup section */
		DD264A91243F52EF009FDC6C /* Main.storyboard */ = {
			isa = PBXVariantGroup;
			children = (
				DD264A92243F52EF009FDC6C /* Base */,
			);
			name = Main.storyboard;
			sourceTree = "<group>";
		};
		DD264A96243F52F4009FDC6C /* LaunchScreen.storyboard */ = {
			isa = PBXVariantGroup;
			children = (
				DD264A97243F52F4009FDC6C /* Base */,
			);
			name = LaunchScreen.storyboard;
			sourceTree = "<group>";
		};
/* End PBXVariantGroup section */

/* Begin XCBuildConfiguration section */
		DD264A9A243F52F4009FDC6C /* Debug */ = {
			isa = XCBuildConfiguration;
			buildSettings = {
				ALWAYS_SEARCH_USER_PATHS = NO;
				CLANG_ANALYZER_NONNULL = YES;
				CLANG_ANALYZER_NUMBER_OBJECT_CONVERSION = YES_AGGRESSIVE;
				CLANG_CXX_LANGUAGE_STANDARD = "gnu++14";
				CLANG_CXX_LIBRARY = "libc++";
				CLANG_ENABLE_MODULES = YES;
				CLANG_ENABLE_OBJC_ARC = YES;
				CLANG_ENABLE_OBJC_WEAK = YES;
				CLANG_WARN_BLOCK_CAPTURE_AUTORELEASING = YES;
				CLANG_WARN_BOOL_CONVERSION = YES;
				CLANG_WARN_COMMA = YES;
				CLANG_WARN_CONSTANT_CONVERSION = YES;
				CLANG_WARN_DEPRECATED_OBJC_IMPLEMENTATIONS = YES;
				CLANG_WARN_DIRECT_OBJC_ISA_USAGE = YES_ERROR;
				CLANG_WARN_DOCUMENTATION_COMMENTS = YES;
				CLANG_WARN_EMPTY_BODY = YES;
				CLANG_WARN_ENUM_CONVERSION = YES;
				CLANG_WARN_INFINITE_RECURSION = YES;
				CLANG_WARN_INT_CONVERSION = YES;
				CLANG_WARN_NON_LITERAL_NULL_CONVERSION = YES;
				CLANG_WARN_OBJC_IMPLICIT_RETAIN_SELF = YES;
				CLANG_WARN_OBJC_LITERAL_CONVERSION = YES;
				CLANG_WARN_OBJC_ROOT_CLASS = YES_ERROR;
				CLANG_WARN_RANGE_LOOP_ANALYSIS = YES;
				CLANG_WARN_STRICT_PROTOTYPES = YES;
				CLANG_WARN_SUSPICIOUS_MOVE = YES;
				CLANG_WARN_UNGUARDED_AVAILABILITY = YES_AGGRESSIVE;
				CLANG_WARN_UNREACHABLE_CODE = YES;
				CLANG_WARN__DUPLICATE_METHOD_MATCH = YES;
				COPY_PHASE_STRIP = NO;
				DEBUG_INFORMATION_FORMAT = dwarf;
				ENABLE_STRICT_OBJC_MSGSEND = YES;
				ENABLE_TESTABILITY = YES;
				GCC_C_LANGUAGE_STANDARD = gnu11;
				GCC_DYNAMIC_NO_PIC = NO;
				GCC_NO_COMMON_BLOCKS = YES;
				GCC_OPTIMIZATION_LEVEL = 0;
				GCC_PREPROCESSOR_DEFINITIONS = (
					"DEBUG=1",
					"$(inherited)",
				);
				GCC_WARN_64_TO_32_BIT_CONVERSION = YES;
				GCC_WARN_ABOUT_RETURN_TYPE = YES_ERROR;
				GCC_WARN_UNDECLARED_SELECTOR = YES;
				GCC_WARN_UNINITIALIZED_AUTOS = YES_AGGRESSIVE;
				GCC_WARN_UNUSED_FUNCTION = YES;
				GCC_WARN_UNUSED_VARIABLE = YES;
				IPHONEOS_DEPLOYMENT_TARGET = 13.4;
				MTL_ENABLE_DEBUG_INFO = INCLUDE_SOURCE;
				MTL_FAST_MATH = YES;
				ONLY_ACTIVE_ARCH = YES;
				SDKROOT = iphoneos;
				SWIFT_ACTIVE_COMPILATION_CONDITIONS = DEBUG;
				SWIFT_OPTIMIZATION_LEVEL = "-Onone";
			};
			name = Debug;
		};
		DD264A9B243F52F4009FDC6C /* Release */ = {
			isa = XCBuildConfiguration;
			buildSettings = {
				ALWAYS_SEARCH_USER_PATHS = NO;
				CLANG_ANALYZER_NONNULL = YES;
				CLANG_ANALYZER_NUMBER_OBJECT_CONVERSION = YES_AGGRESSIVE;
				CLANG_CXX_LANGUAGE_STANDARD = "gnu++14";
				CLANG_CXX_LIBRARY = "libc++";
				CLANG_ENABLE_MODULES = YES;
				CLANG_ENABLE_OBJC_ARC = YES;
				CLANG_ENABLE_OBJC_WEAK = YES;
				CLANG_WARN_BLOCK_CAPTURE_AUTORELEASING = YES;
				CLANG_WARN_BOOL_CONVERSION = YES;
				CLANG_WARN_COMMA = YES;
				CLANG_WARN_CONSTANT_CONVERSION = YES;
				CLANG_WARN_DEPRECATED_OBJC_IMPLEMENTATIONS = YES;
				CLANG_WARN_DIRECT_OBJC_ISA_USAGE = YES_ERROR;
				CLANG_WARN_DOCUMENTATION_COMMENTS = YES;
				CLANG_WARN_EMPTY_BODY = YES;
				CLANG_WARN_ENUM_CONVERSION = YES;
				CLANG_WARN_INFINITE_RECURSION = YES;
				CLANG_WARN_INT_CONVERSION = YES;
				CLANG_WARN_NON_LITERAL_NULL_CONVERSION = YES;
				CLANG_WARN_OBJC_IMPLICIT_RETAIN_SELF = YES;
				CLANG_WARN_OBJC_LITERAL_CONVERSION = YES;
				CLANG_WARN_OBJC_ROOT_CLASS = YES_ERROR;
				CLANG_WARN_RANGE_LOOP_ANALYSIS = YES;
				CLANG_WARN_STRICT_PROTOTYPES = YES;
				CLANG_WARN_SUSPICIOUS_MOVE = YES;
				CLANG_WARN_UNGUARDED_AVAILABILITY = YES_AGGRESSIVE;
				CLANG_WARN_UNREACHABLE_CODE = YES;
				CLANG_WARN__DUPLICATE_METHOD_MATCH = YES;
				COPY_PHASE_STRIP = NO;
				DEBUG_INFORMATION_FORMAT = "dwarf-with-dsym";
				ENABLE_NS_ASSERTIONS = NO;
				ENABLE_STRICT_OBJC_MSGSEND = YES;
				GCC_C_LANGUAGE_STANDARD = gnu11;
				GCC_NO_COMMON_BLOCKS = YES;
				GCC_WARN_64_TO_32_BIT_CONVERSION = YES;
				GCC_WARN_ABOUT_RETURN_TYPE = YES_ERROR;
				GCC_WARN_UNDECLARED_SELECTOR = YES;
				GCC_WARN_UNINITIALIZED_AUTOS = YES_AGGRESSIVE;
				GCC_WARN_UNUSED_FUNCTION = YES;
				GCC_WARN_UNUSED_VARIABLE = YES;
				IPHONEOS_DEPLOYMENT_TARGET = 13.4;
				MTL_ENABLE_DEBUG_INFO = NO;
				MTL_FAST_MATH = YES;
				SDKROOT = iphoneos;
				SWIFT_COMPILATION_MODE = wholemodule;
				SWIFT_OPTIMIZATION_LEVEL = "-O";
				VALIDATE_PRODUCT = YES;
			};
			name = Release;
		};
		DD264A9D243F52F4009FDC6C /* Debug */ = {
			isa = XCBuildConfiguration;
			buildSettings = {
				ASSETCATALOG_COMPILER_APPICON_NAME = AppIcon;
				CODE_SIGN_STYLE = Automatic;
				DEVELOPMENT_TEAM = SLG9525V5U;
				INFOPLIST_FILE = facebook/Info.plist;
				LD_RUNPATH_SEARCH_PATHS = (
					"$(inherited)",
					"@executable_path/Frameworks",
				);
				PRODUCT_BUNDLE_IDENTIFIER = fr.gassy.demo.facebook;
				PRODUCT_NAME = "$(TARGET_NAME)";
				SWIFT_VERSION = 5.0;
				TARGETED_DEVICE_FAMILY = "1,2";
			};
			name = Debug;
		};
		DD264A9E243F52F4009FDC6C /* Release */ = {
			isa = XCBuildConfiguration;
			buildSettings = {
				ASSETCATALOG_COMPILER_APPICON_NAME = AppIcon;
				CODE_SIGN_STYLE = Automatic;
				DEVELOPMENT_TEAM = SLG9525V5U;
				INFOPLIST_FILE = facebook/Info.plist;
				LD_RUNPATH_SEARCH_PATHS = (
					"$(inherited)",
					"@executable_path/Frameworks",
				);
				PRODUCT_BUNDLE_IDENTIFIER = fr.gassy.demo.facebook;
				PRODUCT_NAME = "$(TARGET_NAME)";
				SWIFT_VERSION = 5.0;
				TARGETED_DEVICE_FAMILY = "1,2";
			};
			name = Release;
		};
/* End XCBuildConfiguration section */

/* Begin XCConfigurationList section */
		DD264A83243F52EF009FDC6C /* Build configuration list for PBXProject "facebook" */ = {
			isa = XCConfigurationList;
			buildConfigurations = (
				DD264A9A243F52F4009FDC6C /* Debug */,
				DD264A9B243F52F4009FDC6C /* Release */,
			);
			defaultConfigurationIsVisible = 0;
			defaultConfigurationName = Release;
		};
		DD264A9C243F52F4009FDC6C /* Build configuration list for PBXNativeTarget "facebook" */ = {
			isa = XCConfigurationList;
			buildConfigurations = (
				DD264A9D243F52F4009FDC6C /* Debug */,
				DD264A9E243F52F4009FDC6C /* Release */,
			);
			defaultConfigurationIsVisible = 0;
			defaultConfigurationName = Release;
		};
/* End XCConfigurationList section */
	};
	rootObject = DD264A80243F52EF009FDC6C /* Project object */;
}
